
Microsoft Visual Studio Solution File, Format Version 12.00
# Visual Studio 2012
Project("{FAE04EC0-301F-11D3-BF4B-00C04F79EFBC}") = "sqlwf-02VideoMarket", "sqlwf-02VideoMarket\sqlwf-02VideoMarket.csproj", "{F7EA6834-B0AE-4FFC-BC68-07F98803F1D6}"
EndProject
Global
	GlobalSection(SolutionConfigurationPlatforms) = preSolution
		Debug|Any CPU = Debug|Any CPU
		Release|Any CPU = Release|Any CPU
	EndGlobalSection
	GlobalSection(ProjectConfigurationPlatforms) = postSolution
		{F7EA6834-B0AE-4FFC-BC68-07F98803F1D6}.Debug|Any CPU.ActiveCfg = Debug|Any CPU
		{F7EA6834-B0AE-4FFC-BC68-07F98803F1D6}.Debug|Any CPU.Build.0 = Debug|Any CPU
		{F7EA6834-B0AE-4FFC-BC68-07F98803F1D6}.Release|Any CPU.ActiveCfg = Release|Any CPU
		{F7EA6834-B0AE-4FFC-BC68-07F98803F1D6}.Release|Any CPU.Build.0 = Release|Any CPU
	EndGlobalSection
	GlobalSection(SolutionProperties) = preSolution
		HideSolutionNode = FALSE
	EndGlobalSection
EndGlobal
