
Microsoft Visual Studio Solution File, Format Version 12.00
# Visual Studio 2012
Project("{FAE04EC0-301F-11D3-BF4B-00C04F79EFBC}") = "wf-05SayiBulma", "wf-05SayiBulma\wf-05SayiBulma.csproj", "{4DA31852-FFE0-41BC-A1C0-A6FAEE3484DC}"
EndProject
Global
	GlobalSection(SolutionConfigurationPlatforms) = preSolution
		Debug|Any CPU = Debug|Any CPU
		Release|Any CPU = Release|Any CPU
	EndGlobalSection
	GlobalSection(ProjectConfigurationPlatforms) = postSolution
		{4DA31852-FFE0-41BC-A1C0-A6FAEE3484DC}.Debug|Any CPU.ActiveCfg = Debug|Any CPU
		{4DA31852-FFE0-41BC-A1C0-A6FAEE3484DC}.Debug|Any CPU.Build.0 = Debug|Any CPU
		{4DA31852-FFE0-41BC-A1C0-A6FAEE3484DC}.Release|Any CPU.ActiveCfg = Release|Any CPU
		{4DA31852-FFE0-41BC-A1C0-A6FAEE3484DC}.Release|Any CPU.Build.0 = Release|Any CPU
	EndGlobalSection
	GlobalSection(SolutionProperties) = preSolution
		HideSolutionNode = FALSE
	EndGlobalSection
EndGlobal
