
Microsoft Visual Studio Solution File, Format Version 12.00
# Visual Studio 2012
Project("{FAE04EC0-301F-11D3-BF4B-00C04F79EFBC}") = "wf-07LuckySeven", "wf-07LuckySeven\wf-07LuckySeven.csproj", "{0EF8005F-4F5B-49FE-B3FA-A960E8BDC1AD}"
EndProject
Global
	GlobalSection(SolutionConfigurationPlatforms) = preSolution
		Debug|Any CPU = Debug|Any CPU
		Release|Any CPU = Release|Any CPU
	EndGlobalSection
	GlobalSection(ProjectConfigurationPlatforms) = postSolution
		{0EF8005F-4F5B-49FE-B3FA-A960E8BDC1AD}.Debug|Any CPU.ActiveCfg = Debug|Any CPU
		{0EF8005F-4F5B-49FE-B3FA-A960E8BDC1AD}.Debug|Any CPU.Build.0 = Debug|Any CPU
		{0EF8005F-4F5B-49FE-B3FA-A960E8BDC1AD}.Release|Any CPU.ActiveCfg = Release|Any CPU
		{0EF8005F-4F5B-49FE-B3FA-A960E8BDC1AD}.Release|Any CPU.Build.0 = Release|Any CPU
	EndGlobalSection
	GlobalSection(SolutionProperties) = preSolution
		HideSolutionNode = FALSE
	EndGlobalSection
EndGlobal
