
Microsoft Visual Studio Solution File, Format Version 12.00
# Visual Studio 2012
Project("{FAE04EC0-301F-11D3-BF4B-00C04F79EFBC}") = "wf-17Metodlar", "wf-17Metodlar\wf-17Metodlar.csproj", "{CD6BC9D7-B708-4020-9206-9CA5C7D914CC}"
EndProject
Global
	GlobalSection(SolutionConfigurationPlatforms) = preSolution
		Debug|Any CPU = Debug|Any CPU
		Release|Any CPU = Release|Any CPU
	EndGlobalSection
	GlobalSection(ProjectConfigurationPlatforms) = postSolution
		{CD6BC9D7-B708-4020-9206-9CA5C7D914CC}.Debug|Any CPU.ActiveCfg = Debug|Any CPU
		{CD6BC9D7-B708-4020-9206-9CA5C7D914CC}.Debug|Any CPU.Build.0 = Debug|Any CPU
		{CD6BC9D7-B708-4020-9206-9CA5C7D914CC}.Release|Any CPU.ActiveCfg = Release|Any CPU
		{CD6BC9D7-B708-4020-9206-9CA5C7D914CC}.Release|Any CPU.Build.0 = Release|Any CPU
	EndGlobalSection
	GlobalSection(SolutionProperties) = preSolution
		HideSolutionNode = FALSE
	EndGlobalSection
EndGlobal
