
Microsoft Visual Studio Solution File, Format Version 12.00
# Visual Studio 2012
Project("{FAE04EC0-301F-11D3-BF4B-00C04F79EFBC}") = "wf-15CokBoyutlu", "wf-15CokBoyutlu\wf-15CokBoyutlu.csproj", "{853DDCA1-8BF9-4932-95CB-1E1A2A12C018}"
EndProject
Global
	GlobalSection(SolutionConfigurationPlatforms) = preSolution
		Debug|Any CPU = Debug|Any CPU
		Release|Any CPU = Release|Any CPU
	EndGlobalSection
	GlobalSection(ProjectConfigurationPlatforms) = postSolution
		{853DDCA1-8BF9-4932-95CB-1E1A2A12C018}.Debug|Any CPU.ActiveCfg = Debug|Any CPU
		{853DDCA1-8BF9-4932-95CB-1E1A2A12C018}.Debug|Any CPU.Build.0 = Debug|Any CPU
		{853DDCA1-8BF9-4932-95CB-1E1A2A12C018}.Release|Any CPU.ActiveCfg = Release|Any CPU
		{853DDCA1-8BF9-4932-95CB-1E1A2A12C018}.Release|Any CPU.Build.0 = Release|Any CPU
	EndGlobalSection
	GlobalSection(SolutionProperties) = preSolution
		HideSolutionNode = FALSE
	EndGlobalSection
EndGlobal
