
Microsoft Visual Studio Solution File, Format Version 12.00
# Visual Studio 2012
Project("{FAE04EC0-301F-11D3-BF4B-00C04F79EFBC}") = "wf-13EnBuyuk", "wf-13EnBuyuk\wf-13EnBuyuk.csproj", "{8339DBC7-E5E8-4B1A-AAEA-0E00C8CDB74E}"
EndProject
Global
	GlobalSection(SolutionConfigurationPlatforms) = preSolution
		Debug|Any CPU = Debug|Any CPU
		Release|Any CPU = Release|Any CPU
	EndGlobalSection
	GlobalSection(ProjectConfigurationPlatforms) = postSolution
		{8339DBC7-E5E8-4B1A-AAEA-0E00C8CDB74E}.Debug|Any CPU.ActiveCfg = Debug|Any CPU
		{8339DBC7-E5E8-4B1A-AAEA-0E00C8CDB74E}.Debug|Any CPU.Build.0 = Debug|Any CPU
		{8339DBC7-E5E8-4B1A-AAEA-0E00C8CDB74E}.Release|Any CPU.ActiveCfg = Release|Any CPU
		{8339DBC7-E5E8-4B1A-AAEA-0E00C8CDB74E}.Release|Any CPU.Build.0 = Release|Any CPU
	EndGlobalSection
	GlobalSection(SolutionProperties) = preSolution
		HideSolutionNode = FALSE
	EndGlobalSection
EndGlobal
