
Microsoft Visual Studio Solution File, Format Version 12.00
# Visual Studio 2012
Project("{FAE04EC0-301F-11D3-BF4B-00C04F79EFBC}") = "sqlwf-03WindowsFormDataSet", "sqlwf-03WindowsFormDataSet\sqlwf-03WindowsFormDataSet.csproj", "{80885EB2-C531-4D46-990E-D5987CD93CFF}"
EndProject
Global
	GlobalSection(SolutionConfigurationPlatforms) = preSolution
		Debug|Any CPU = Debug|Any CPU
		Release|Any CPU = Release|Any CPU
	EndGlobalSection
	GlobalSection(ProjectConfigurationPlatforms) = postSolution
		{80885EB2-C531-4D46-990E-D5987CD93CFF}.Debug|Any CPU.ActiveCfg = Debug|Any CPU
		{80885EB2-C531-4D46-990E-D5987CD93CFF}.Debug|Any CPU.Build.0 = Debug|Any CPU
		{80885EB2-C531-4D46-990E-D5987CD93CFF}.Release|Any CPU.ActiveCfg = Release|Any CPU
		{80885EB2-C531-4D46-990E-D5987CD93CFF}.Release|Any CPU.Build.0 = Release|Any CPU
	EndGlobalSection
	GlobalSection(SolutionProperties) = preSolution
		HideSolutionNode = FALSE
	EndGlobalSection
EndGlobal
