
Microsoft Visual Studio Solution File, Format Version 12.00
# Visual Studio 2012
Project("{FAE04EC0-301F-11D3-BF4B-00C04F79EFBC}") = "cnsl-11WhileDongusu", "cnsl-11WhileDongusu\cnsl-11WhileDongusu.csproj", "{2384B9F3-718B-47BE-B9AD-30958EB62B9D}"
EndProject
Global
	GlobalSection(SolutionConfigurationPlatforms) = preSolution
		Debug|Any CPU = Debug|Any CPU
		Release|Any CPU = Release|Any CPU
	EndGlobalSection
	GlobalSection(ProjectConfigurationPlatforms) = postSolution
		{2384B9F3-718B-47BE-B9AD-30958EB62B9D}.Debug|Any CPU.ActiveCfg = Debug|Any CPU
		{2384B9F3-718B-47BE-B9AD-30958EB62B9D}.Debug|Any CPU.Build.0 = Debug|Any CPU
		{2384B9F3-718B-47BE-B9AD-30958EB62B9D}.Release|Any CPU.ActiveCfg = Release|Any CPU
		{2384B9F3-718B-47BE-B9AD-30958EB62B9D}.Release|Any CPU.Build.0 = Release|Any CPU
	EndGlobalSection
	GlobalSection(SolutionProperties) = preSolution
		HideSolutionNode = FALSE
	EndGlobalSection
EndGlobal
