
Microsoft Visual Studio Solution File, Format Version 12.00
# Visual Studio 2012
Project("{FAE04EC0-301F-11D3-BF4B-00C04F79EFBC}") = "web-06DataList", "web-06DataList\web-06DataList.csproj", "{06AA705F-CA9F-48DB-97F1-19B137E8A8D3}"
EndProject
Global
	GlobalSection(SolutionConfigurationPlatforms) = preSolution
		Debug|Any CPU = Debug|Any CPU
		Release|Any CPU = Release|Any CPU
	EndGlobalSection
	GlobalSection(ProjectConfigurationPlatforms) = postSolution
		{06AA705F-CA9F-48DB-97F1-19B137E8A8D3}.Debug|Any CPU.ActiveCfg = Debug|Any CPU
		{06AA705F-CA9F-48DB-97F1-19B137E8A8D3}.Debug|Any CPU.Build.0 = Debug|Any CPU
		{06AA705F-CA9F-48DB-97F1-19B137E8A8D3}.Release|Any CPU.ActiveCfg = Release|Any CPU
		{06AA705F-CA9F-48DB-97F1-19B137E8A8D3}.Release|Any CPU.Build.0 = Release|Any CPU
	EndGlobalSection
	GlobalSection(SolutionProperties) = preSolution
		HideSolutionNode = FALSE
	EndGlobalSection
EndGlobal
