
Microsoft Visual Studio Solution File, Format Version 12.00
# Visual Studio 2012
Project("{FAE04EC0-301F-11D3-BF4B-00C04F79EFBC}") = "wf-27ArrayList", "wf-27ArrayList\wf-27ArrayList.csproj", "{B97041F5-900F-427D-BF1A-52E13BB97503}"
EndProject
Global
	GlobalSection(SolutionConfigurationPlatforms) = preSolution
		Debug|Any CPU = Debug|Any CPU
		Release|Any CPU = Release|Any CPU
	EndGlobalSection
	GlobalSection(ProjectConfigurationPlatforms) = postSolution
		{B97041F5-900F-427D-BF1A-52E13BB97503}.Debug|Any CPU.ActiveCfg = Debug|Any CPU
		{B97041F5-900F-427D-BF1A-52E13BB97503}.Debug|Any CPU.Build.0 = Debug|Any CPU
		{B97041F5-900F-427D-BF1A-52E13BB97503}.Release|Any CPU.ActiveCfg = Release|Any CPU
		{B97041F5-900F-427D-BF1A-52E13BB97503}.Release|Any CPU.Build.0 = Release|Any CPU
	EndGlobalSection
	GlobalSection(SolutionProperties) = preSolution
		HideSolutionNode = FALSE
	EndGlobalSection
EndGlobal
