
Microsoft Visual Studio Solution File, Format Version 12.00
# Visual Studio 2012
Project("{FAE04EC0-301F-11D3-BF4B-00C04F79EFBC}") = "wf-25Enum", "wf-25Enum\wf-25Enum.csproj", "{31B7AC58-120F-4B75-8967-4A9DBAF467D5}"
EndProject
Global
	GlobalSection(SolutionConfigurationPlatforms) = preSolution
		Debug|Any CPU = Debug|Any CPU
		Release|Any CPU = Release|Any CPU
	EndGlobalSection
	GlobalSection(ProjectConfigurationPlatforms) = postSolution
		{31B7AC58-120F-4B75-8967-4A9DBAF467D5}.Debug|Any CPU.ActiveCfg = Debug|Any CPU
		{31B7AC58-120F-4B75-8967-4A9DBAF467D5}.Debug|Any CPU.Build.0 = Debug|Any CPU
		{31B7AC58-120F-4B75-8967-4A9DBAF467D5}.Release|Any CPU.ActiveCfg = Release|Any CPU
		{31B7AC58-120F-4B75-8967-4A9DBAF467D5}.Release|Any CPU.Build.0 = Release|Any CPU
	EndGlobalSection
	GlobalSection(SolutionProperties) = preSolution
		HideSolutionNode = FALSE
	EndGlobalSection
EndGlobal
