
Microsoft Visual Studio Solution File, Format Version 12.00
# Visual Studio 2013
VisualStudioVersion = 12.0.31101.0
MinimumVisualStudioVersion = 10.0.40219.1
Project("{FAE04EC0-301F-11D3-BF4B-00C04F79EFBC}") = "mvc_05ViewData_ViewBag", "mvc-05ViewData-ViewBag\mvc_05ViewData_ViewBag.csproj", "{9AD038AC-F34B-4FA3-8DFE-FCC353FCAD88}"
EndProject
Project("{2150E333-8FDC-42A3-9474-1A3956D46DE8}") = ".nuget", ".nuget", "{77972811-4B2C-48DC-819A-061CE6D6E985}"
	ProjectSection(SolutionItems) = preProject
		.nuget\NuGet.Config = .nuget\NuGet.Config
		.nuget\NuGet.exe = .nuget\NuGet.exe
		.nuget\NuGet.targets = .nuget\NuGet.targets
	EndProjectSection
EndProject
Global
	GlobalSection(SolutionConfigurationPlatforms) = preSolution
		Debug|Any CPU = Debug|Any CPU
		Release|Any CPU = Release|Any CPU
	EndGlobalSection
	GlobalSection(ProjectConfigurationPlatforms) = postSolution
		{9AD038AC-F34B-4FA3-8DFE-FCC353FCAD88}.Debug|Any CPU.ActiveCfg = Debug|Any CPU
		{9AD038AC-F34B-4FA3-8DFE-FCC353FCAD88}.Debug|Any CPU.Build.0 = Debug|Any CPU
		{9AD038AC-F34B-4FA3-8DFE-FCC353FCAD88}.Release|Any CPU.ActiveCfg = Release|Any CPU
		{9AD038AC-F34B-4FA3-8DFE-FCC353FCAD88}.Release|Any CPU.Build.0 = Release|Any CPU
	EndGlobalSection
	GlobalSection(SolutionProperties) = preSolution
		HideSolutionNode = FALSE
	EndGlobalSection
EndGlobal
