
Microsoft Visual Studio Solution File, Format Version 12.00
# Visual Studio 2012
Project("{FAE04EC0-301F-11D3-BF4B-00C04F79EFBC}") = "web-11MasterPage", "web-11MasterPage\web-11MasterPage.csproj", "{67B1B858-3779-4A9F-888A-DDFE3E4B016D}"
EndProject
Global
	GlobalSection(SolutionConfigurationPlatforms) = preSolution
		Debug|Any CPU = Debug|Any CPU
		Release|Any CPU = Release|Any CPU
	EndGlobalSection
	GlobalSection(ProjectConfigurationPlatforms) = postSolution
		{67B1B858-3779-4A9F-888A-DDFE3E4B016D}.Debug|Any CPU.ActiveCfg = Debug|Any CPU
		{67B1B858-3779-4A9F-888A-DDFE3E4B016D}.Debug|Any CPU.Build.0 = Debug|Any CPU
		{67B1B858-3779-4A9F-888A-DDFE3E4B016D}.Release|Any CPU.ActiveCfg = Release|Any CPU
		{67B1B858-3779-4A9F-888A-DDFE3E4B016D}.Release|Any CPU.Build.0 = Release|Any CPU
	EndGlobalSection
	GlobalSection(SolutionProperties) = preSolution
		HideSolutionNode = FALSE
	EndGlobalSection
EndGlobal
