
Microsoft Visual Studio Solution File, Format Version 12.00
# Visual Studio 2012
Project("{FAE04EC0-301F-11D3-BF4B-00C04F79EFBC}") = "wcf-01Message", "wcf-01Message\wcf-01Message.csproj", "{978C0EBC-D7CD-4A57-A08C-B682A615A3F8}"
EndProject
Project("{FAE04EC0-301F-11D3-BF4B-00C04F79EFBC}") = "wcf-02Test", "wcf-02Test\wcf-02Test.csproj", "{ECFDB302-C9AB-44AA-9ACF-8B0BBB4067D3}"
	ProjectSection(ProjectDependencies) = postProject
		{978C0EBC-D7CD-4A57-A08C-B682A615A3F8} = {978C0EBC-D7CD-4A57-A08C-B682A615A3F8}
	EndProjectSection
EndProject
Global
	GlobalSection(SolutionConfigurationPlatforms) = preSolution
		Debug|Any CPU = Debug|Any CPU
		Release|Any CPU = Release|Any CPU
	EndGlobalSection
	GlobalSection(ProjectConfigurationPlatforms) = postSolution
		{978C0EBC-D7CD-4A57-A08C-B682A615A3F8}.Debug|Any CPU.ActiveCfg = Debug|Any CPU
		{978C0EBC-D7CD-4A57-A08C-B682A615A3F8}.Debug|Any CPU.Build.0 = Debug|Any CPU
		{978C0EBC-D7CD-4A57-A08C-B682A615A3F8}.Release|Any CPU.ActiveCfg = Release|Any CPU
		{978C0EBC-D7CD-4A57-A08C-B682A615A3F8}.Release|Any CPU.Build.0 = Release|Any CPU
		{ECFDB302-C9AB-44AA-9ACF-8B0BBB4067D3}.Debug|Any CPU.ActiveCfg = Debug|Any CPU
		{ECFDB302-C9AB-44AA-9ACF-8B0BBB4067D3}.Debug|Any CPU.Build.0 = Debug|Any CPU
		{ECFDB302-C9AB-44AA-9ACF-8B0BBB4067D3}.Release|Any CPU.ActiveCfg = Release|Any CPU
		{ECFDB302-C9AB-44AA-9ACF-8B0BBB4067D3}.Release|Any CPU.Build.0 = Release|Any CPU
	EndGlobalSection
	GlobalSection(SolutionProperties) = preSolution
		HideSolutionNode = FALSE
	EndGlobalSection
EndGlobal
