
Microsoft Visual Studio Solution File, Format Version 12.00
# Visual Studio 2012
Project("{FAE04EC0-301F-11D3-BF4B-00C04F79EFBC}") = "wf-09ListBox", "wf-09ListBox\wf-09ListBox.csproj", "{A1C8747E-4FF9-4FB7-8D61-60EF14AF6579}"
EndProject
Global
	GlobalSection(SolutionConfigurationPlatforms) = preSolution
		Debug|Any CPU = Debug|Any CPU
		Release|Any CPU = Release|Any CPU
	EndGlobalSection
	GlobalSection(ProjectConfigurationPlatforms) = postSolution
		{A1C8747E-4FF9-4FB7-8D61-60EF14AF6579}.Debug|Any CPU.ActiveCfg = Debug|Any CPU
		{A1C8747E-4FF9-4FB7-8D61-60EF14AF6579}.Debug|Any CPU.Build.0 = Debug|Any CPU
		{A1C8747E-4FF9-4FB7-8D61-60EF14AF6579}.Release|Any CPU.ActiveCfg = Release|Any CPU
		{A1C8747E-4FF9-4FB7-8D61-60EF14AF6579}.Release|Any CPU.Build.0 = Release|Any CPU
	EndGlobalSection
	GlobalSection(SolutionProperties) = preSolution
		HideSolutionNode = FALSE
	EndGlobalSection
EndGlobal
