
Microsoft Visual Studio Solution File, Format Version 12.00
# Visual Studio 2012
Project("{FAE04EC0-301F-11D3-BF4B-00C04F79EFBC}") = "wf-01Ornek", "wf-01Ornek\wf-01Ornek.csproj", "{1FDA59AA-13CA-4086-989B-C23DD1A0B995}"
EndProject
Global
	GlobalSection(SolutionConfigurationPlatforms) = preSolution
		Debug|Any CPU = Debug|Any CPU
		Release|Any CPU = Release|Any CPU
	EndGlobalSection
	GlobalSection(ProjectConfigurationPlatforms) = postSolution
		{1FDA59AA-13CA-4086-989B-C23DD1A0B995}.Debug|Any CPU.ActiveCfg = Debug|Any CPU
		{1FDA59AA-13CA-4086-989B-C23DD1A0B995}.Debug|Any CPU.Build.0 = Debug|Any CPU
		{1FDA59AA-13CA-4086-989B-C23DD1A0B995}.Release|Any CPU.ActiveCfg = Release|Any CPU
		{1FDA59AA-13CA-4086-989B-C23DD1A0B995}.Release|Any CPU.Build.0 = Release|Any CPU
	EndGlobalSection
	GlobalSection(SolutionProperties) = preSolution
		HideSolutionNode = FALSE
	EndGlobalSection
EndGlobal
