
Microsoft Visual Studio Solution File, Format Version 12.00
# Visual Studio 2012
Project("{FAE04EC0-301F-11D3-BF4B-00C04F79EFBC}") = "web-03ValidationControl", "web-03ValidationControl\web-03ValidationControl.csproj", "{55C7A8BB-0C1B-43D1-A894-A0A886DB41EA}"
EndProject
Global
	GlobalSection(SolutionConfigurationPlatforms) = preSolution
		Debug|Any CPU = Debug|Any CPU
		Release|Any CPU = Release|Any CPU
	EndGlobalSection
	GlobalSection(ProjectConfigurationPlatforms) = postSolution
		{55C7A8BB-0C1B-43D1-A894-A0A886DB41EA}.Debug|Any CPU.ActiveCfg = Debug|Any CPU
		{55C7A8BB-0C1B-43D1-A894-A0A886DB41EA}.Debug|Any CPU.Build.0 = Debug|Any CPU
		{55C7A8BB-0C1B-43D1-A894-A0A886DB41EA}.Release|Any CPU.ActiveCfg = Release|Any CPU
		{55C7A8BB-0C1B-43D1-A894-A0A886DB41EA}.Release|Any CPU.Build.0 = Release|Any CPU
	EndGlobalSection
	GlobalSection(SolutionProperties) = preSolution
		HideSolutionNode = FALSE
	EndGlobalSection
EndGlobal
